
Microsoft Visual Studio Solution File, Format Version 12.00
# Visual Studio Version 17
VisualStudioVersion = 17.7.34031.279
MinimumVisualStudioVersion = 10.0.40219.1
Project("{FAE04EC0-301F-11D3-BF4B-00C04F79EFBC}") = "Peliculas", "Peliculas.csproj", "{F402B06B-3FD9-4B61-92F7-731C8A02B894}"
EndProject
Global
	GlobalSection(SolutionConfigurationPlatforms) = preSolution
		Debug|Any CPU = Debug|Any CPU
		Release|Any CPU = Release|Any CPU
	EndGlobalSection
	GlobalSection(ProjectConfigurationPlatforms) = postSolution
		{F402B06B-3FD9-4B61-92F7-731C8A02B894}.Debug|Any CPU.ActiveCfg = Debug|Any CPU
		{F402B06B-3FD9-4B61-92F7-731C8A02B894}.Debug|Any CPU.Build.0 = Debug|Any CPU
		{F402B06B-3FD9-4B61-92F7-731C8A02B894}.Release|Any CPU.ActiveCfg = Release|Any CPU
		{F402B06B-3FD9-4B61-92F7-731C8A02B894}.Release|Any CPU.Build.0 = Release|Any CPU
	EndGlobalSection
	GlobalSection(SolutionProperties) = preSolution
		HideSolutionNode = FALSE
	EndGlobalSection
	GlobalSection(ExtensibilityGlobals) = postSolution
		SolutionGuid = {086F26F7-46C5-413D-BFCE-305E0A7A63B5}
	EndGlobalSection
EndGlobal
